
Microsoft Visual Studio Solution File, Format Version 12.00
# Visual Studio Version 16
VisualStudioVersion = 16.0.29613.14
MinimumVisualStudioVersion = 10.0.40219.1
Project("{FAE04EC0-301F-11D3-BF4B-00C04F79EFBC}") = "ValidacionCFDI", "ValidacionCFDI.csproj", "{F2125B6B-82FA-464A-BAF8-B71F718F4712}"
EndProject
Global
	GlobalSection(SolutionConfigurationPlatforms) = preSolution
		Debug|Any CPU = Debug|Any CPU
		Release|Any CPU = Release|Any CPU
	EndGlobalSection
	GlobalSection(ProjectConfigurationPlatforms) = postSolution
		{F2125B6B-82FA-464A-BAF8-B71F718F4712}.Debug|Any CPU.ActiveCfg = Debug|Any CPU
		{F2125B6B-82FA-464A-BAF8-B71F718F4712}.Debug|Any CPU.Build.0 = Debug|Any CPU
		{F2125B6B-82FA-464A-BAF8-B71F718F4712}.Release|Any CPU.ActiveCfg = Release|Any CPU
		{F2125B6B-82FA-464A-BAF8-B71F718F4712}.Release|Any CPU.Build.0 = Release|Any CPU
	EndGlobalSection
	GlobalSection(SolutionProperties) = preSolution
		HideSolutionNode = FALSE
	EndGlobalSection
	GlobalSection(ExtensibilityGlobals) = postSolution
		SolutionGuid = {7E956B5E-5B6D-4312-BA7D-8E24EBC64F4A}
	EndGlobalSection
EndGlobal
